
Microsoft Visual Studio Solution File, Format Version 12.00
# Visual Studio 2013
VisualStudioVersion = 12.0.21005.1
MinimumVisualStudioVersion = 10.0.40219.1
Project("{FAE04EC0-301F-11D3-BF4B-00C04F79EFBC}") = "01. AllocateArrays", "01. AllocateArrays\01. AllocateArrays.csproj", "{DE53606E-CF39-4BBA-BA9E-FD9E516DACD3}"
EndProject
Project("{FAE04EC0-301F-11D3-BF4B-00C04F79EFBC}") = "02. CompareArrays", "02. CompareArrays\02. CompareArrays.csproj", "{2CB7C3DB-EE6E-4A9E-A918-2A1DFD988995}"
EndProject
Project("{FAE04EC0-301F-11D3-BF4B-00C04F79EFBC}") = "03. CompareCharArrays", "03. CompareCharArrays\03. CompareCharArrays.csproj", "{9BF67BFE-2E36-4D9F-8213-8FB33C0AC79A}"
EndProject
Project("{FAE04EC0-301F-11D3-BF4B-00C04F79EFBC}") = "04. MaximalSequence", "04. MaximalSequence\04. MaximalSequence.csproj", "{97388F06-3F25-46AC-952A-2536FA0709D8}"
EndProject
Project("{FAE04EC0-301F-11D3-BF4B-00C04F79EFBC}") = "05. MaximalIncreasingSum", "05. MaximalIncreasingSum\05. MaximalIncreasingSum.csproj", "{24D052D7-C35E-4B8E-8C4C-4F41D7D0D92E}"
EndProject
Project("{FAE04EC0-301F-11D3-BF4B-00C04F79EFBC}") = "06. MaximalKSum", "06. MaximalKSum\06. MaximalKSum.csproj", "{8C2EAE83-6BFE-4793-A8C7-350E54896885}"
EndProject
Project("{FAE04EC0-301F-11D3-BF4B-00C04F79EFBC}") = "07. SelectionSort", "07. SelectionSort\07. SelectionSort.csproj", "{670D66C6-7EAE-4D38-BB7C-6F15B758177A}"
EndProject
Project("{FAE04EC0-301F-11D3-BF4B-00C04F79EFBC}") = "08. MaximalSum", "08. MaximalSum\08. MaximalSum.csproj", "{5E614566-A26A-44F4-A3DE-D8B76B06940C}"
EndProject
Project("{FAE04EC0-301F-11D3-BF4B-00C04F79EFBC}") = "09. FrequentNumber", "09. FrequentNumber\09. FrequentNumber.csproj", "{AF1AD594-771D-4424-8899-CC0EBA41F7C0}"
EndProject
Project("{FAE04EC0-301F-11D3-BF4B-00C04F79EFBC}") = "10. FindSumInArray", "10. FindSumInArray\10. FindSumInArray.csproj", "{92D46E52-A5F0-4F54-B278-A46E1C894740}"
EndProject
Project("{FAE04EC0-301F-11D3-BF4B-00C04F79EFBC}") = "11. BinarySearch", "11. BinarySearch\11. BinarySearch.csproj", "{D1A4E752-0906-4806-A94E-E15FFE240E47}"
EndProject
Project("{FAE04EC0-301F-11D3-BF4B-00C04F79EFBC}") = "12. IndexOfLetters", "12. IndexOfLetters\12. IndexOfLetters.csproj", "{03450209-DD13-4EA1-A149-957767D539C5}"
EndProject
Project("{FAE04EC0-301F-11D3-BF4B-00C04F79EFBC}") = "14. QuickSort", "14. QuickSort\14. QuickSort.csproj", "{FF4E4993-13D1-4BDD-BF92-C93D6404FB5A}"
EndProject
Project("{FAE04EC0-301F-11D3-BF4B-00C04F79EFBC}") = "15. PrimeNumbers", "15. PrimeNumbers\15. PrimeNumbers.csproj", "{AEE38DCC-5B4E-470B-B7BE-819909CACAEB}"
EndProject
Global
	GlobalSection(SolutionConfigurationPlatforms) = preSolution
		Debug|Any CPU = Debug|Any CPU
		Release|Any CPU = Release|Any CPU
	EndGlobalSection
	GlobalSection(ProjectConfigurationPlatforms) = postSolution
		{DE53606E-CF39-4BBA-BA9E-FD9E516DACD3}.Debug|Any CPU.ActiveCfg = Debug|Any CPU
		{DE53606E-CF39-4BBA-BA9E-FD9E516DACD3}.Debug|Any CPU.Build.0 = Debug|Any CPU
		{DE53606E-CF39-4BBA-BA9E-FD9E516DACD3}.Release|Any CPU.ActiveCfg = Release|Any CPU
		{DE53606E-CF39-4BBA-BA9E-FD9E516DACD3}.Release|Any CPU.Build.0 = Release|Any CPU
		{2CB7C3DB-EE6E-4A9E-A918-2A1DFD988995}.Debug|Any CPU.ActiveCfg = Debug|Any CPU
		{2CB7C3DB-EE6E-4A9E-A918-2A1DFD988995}.Debug|Any CPU.Build.0 = Debug|Any CPU
		{2CB7C3DB-EE6E-4A9E-A918-2A1DFD988995}.Release|Any CPU.ActiveCfg = Release|Any CPU
		{2CB7C3DB-EE6E-4A9E-A918-2A1DFD988995}.Release|Any CPU.Build.0 = Release|Any CPU
		{9BF67BFE-2E36-4D9F-8213-8FB33C0AC79A}.Debug|Any CPU.ActiveCfg = Debug|Any CPU
		{9BF67BFE-2E36-4D9F-8213-8FB33C0AC79A}.Debug|Any CPU.Build.0 = Debug|Any CPU
		{9BF67BFE-2E36-4D9F-8213-8FB33C0AC79A}.Release|Any CPU.ActiveCfg = Release|Any CPU
		{9BF67BFE-2E36-4D9F-8213-8FB33C0AC79A}.Release|Any CPU.Build.0 = Release|Any CPU
		{97388F06-3F25-46AC-952A-2536FA0709D8}.Debug|Any CPU.ActiveCfg = Debug|Any CPU
		{97388F06-3F25-46AC-952A-2536FA0709D8}.Debug|Any CPU.Build.0 = Debug|Any CPU
		{97388F06-3F25-46AC-952A-2536FA0709D8}.Release|Any CPU.ActiveCfg = Release|Any CPU
		{97388F06-3F25-46AC-952A-2536FA0709D8}.Release|Any CPU.Build.0 = Release|Any CPU
		{24D052D7-C35E-4B8E-8C4C-4F41D7D0D92E}.Debug|Any CPU.ActiveCfg = Debug|Any CPU
		{24D052D7-C35E-4B8E-8C4C-4F41D7D0D92E}.Debug|Any CPU.Build.0 = Debug|Any CPU
		{24D052D7-C35E-4B8E-8C4C-4F41D7D0D92E}.Release|Any CPU.ActiveCfg = Release|Any CPU
		{24D052D7-C35E-4B8E-8C4C-4F41D7D0D92E}.Release|Any CPU.Build.0 = Release|Any CPU
		{8C2EAE83-6BFE-4793-A8C7-350E54896885}.Debug|Any CPU.ActiveCfg = Debug|Any CPU
		{8C2EAE83-6BFE-4793-A8C7-350E54896885}.Debug|Any CPU.Build.0 = Debug|Any CPU
		{8C2EAE83-6BFE-4793-A8C7-350E54896885}.Release|Any CPU.ActiveCfg = Release|Any CPU
		{8C2EAE83-6BFE-4793-A8C7-350E54896885}.Release|Any CPU.Build.0 = Release|Any CPU
		{670D66C6-7EAE-4D38-BB7C-6F15B758177A}.Debug|Any CPU.ActiveCfg = Debug|Any CPU
		{670D66C6-7EAE-4D38-BB7C-6F15B758177A}.Debug|Any CPU.Build.0 = Debug|Any CPU
		{670D66C6-7EAE-4D38-BB7C-6F15B758177A}.Release|Any CPU.ActiveCfg = Release|Any CPU
		{670D66C6-7EAE-4D38-BB7C-6F15B758177A}.Release|Any CPU.Build.0 = Release|Any CPU
		{5E614566-A26A-44F4-A3DE-D8B76B06940C}.Debug|Any CPU.ActiveCfg = Debug|Any CPU
		{5E614566-A26A-44F4-A3DE-D8B76B06940C}.Debug|Any CPU.Build.0 = Debug|Any CPU
		{5E614566-A26A-44F4-A3DE-D8B76B06940C}.Release|Any CPU.ActiveCfg = Release|Any CPU
		{5E614566-A26A-44F4-A3DE-D8B76B06940C}.Release|Any CPU.Build.0 = Release|Any CPU
		{AF1AD594-771D-4424-8899-CC0EBA41F7C0}.Debug|Any CPU.ActiveCfg = Debug|Any CPU
		{AF1AD594-771D-4424-8899-CC0EBA41F7C0}.Debug|Any CPU.Build.0 = Debug|Any CPU
		{AF1AD594-771D-4424-8899-CC0EBA41F7C0}.Release|Any CPU.ActiveCfg = Release|Any CPU
		{AF1AD594-771D-4424-8899-CC0EBA41F7C0}.Release|Any CPU.Build.0 = Release|Any CPU
		{92D46E52-A5F0-4F54-B278-A46E1C894740}.Debug|Any CPU.ActiveCfg = Debug|Any CPU
		{92D46E52-A5F0-4F54-B278-A46E1C894740}.Debug|Any CPU.Build.0 = Debug|Any CPU
		{92D46E52-A5F0-4F54-B278-A46E1C894740}.Release|Any CPU.ActiveCfg = Release|Any CPU
		{92D46E52-A5F0-4F54-B278-A46E1C894740}.Release|Any CPU.Build.0 = Release|Any CPU
		{D1A4E752-0906-4806-A94E-E15FFE240E47}.Debug|Any CPU.ActiveCfg = Debug|Any CPU
		{D1A4E752-0906-4806-A94E-E15FFE240E47}.Debug|Any CPU.Build.0 = Debug|Any CPU
		{D1A4E752-0906-4806-A94E-E15FFE240E47}.Release|Any CPU.ActiveCfg = Release|Any CPU
		{D1A4E752-0906-4806-A94E-E15FFE240E47}.Release|Any CPU.Build.0 = Release|Any CPU
		{03450209-DD13-4EA1-A149-957767D539C5}.Debug|Any CPU.ActiveCfg = Debug|Any CPU
		{03450209-DD13-4EA1-A149-957767D539C5}.Debug|Any CPU.Build.0 = Debug|Any CPU
		{03450209-DD13-4EA1-A149-957767D539C5}.Release|Any CPU.ActiveCfg = Release|Any CPU
		{03450209-DD13-4EA1-A149-957767D539C5}.Release|Any CPU.Build.0 = Release|Any CPU
		{FF4E4993-13D1-4BDD-BF92-C93D6404FB5A}.Debug|Any CPU.ActiveCfg = Debug|Any CPU
		{FF4E4993-13D1-4BDD-BF92-C93D6404FB5A}.Debug|Any CPU.Build.0 = Debug|Any CPU
		{FF4E4993-13D1-4BDD-BF92-C93D6404FB5A}.Release|Any CPU.ActiveCfg = Release|Any CPU
		{FF4E4993-13D1-4BDD-BF92-C93D6404FB5A}.Release|Any CPU.Build.0 = Release|Any CPU
		{AEE38DCC-5B4E-470B-B7BE-819909CACAEB}.Debug|Any CPU.ActiveCfg = Debug|Any CPU
		{AEE38DCC-5B4E-470B-B7BE-819909CACAEB}.Debug|Any CPU.Build.0 = Debug|Any CPU
		{AEE38DCC-5B4E-470B-B7BE-819909CACAEB}.Release|Any CPU.ActiveCfg = Release|Any CPU
		{AEE38DCC-5B4E-470B-B7BE-819909CACAEB}.Release|Any CPU.Build.0 = Release|Any CPU
	EndGlobalSection
	GlobalSection(SolutionProperties) = preSolution
		HideSolutionNode = FALSE
	EndGlobalSection
EndGlobal
